
Microsoft Visual Studio Solution File, Format Version 12.00
# Visual Studio Version 17
VisualStudioVersion = 17.14.36518.9 d17.14
MinimumVisualStudioVersion = 10.0.40219.1
Project("{FAE04EC0-301F-11D3-BF4B-00C04F79EFBC}") = "B2a", "B2a.csproj", "{7E972DD7-8277-4955-82C2-4FD89E4BD10E}"
EndProject
Global
	GlobalSection(SolutionConfigurationPlatforms) = preSolution
		Debug|Any CPU = Debug|Any CPU
		Release|Any CPU = Release|Any CPU
	EndGlobalSection
	GlobalSection(ProjectConfigurationPlatforms) = postSolution
		{7E972DD7-8277-4955-82C2-4FD89E4BD10E}.Debug|Any CPU.ActiveCfg = Debug|Any CPU
		{7E972DD7-8277-4955-82C2-4FD89E4BD10E}.Debug|Any CPU.Build.0 = Debug|Any CPU
		{7E972DD7-8277-4955-82C2-4FD89E4BD10E}.Release|Any CPU.ActiveCfg = Release|Any CPU
		{7E972DD7-8277-4955-82C2-4FD89E4BD10E}.Release|Any CPU.Build.0 = Release|Any CPU
	EndGlobalSection
	GlobalSection(SolutionProperties) = preSolution
		HideSolutionNode = FALSE
	EndGlobalSection
	GlobalSection(ExtensibilityGlobals) = postSolution
		SolutionGuid = {04DD0EEA-41C5-4659-AD1B-5CF6379F6691}
	EndGlobalSection
EndGlobal
