
Microsoft Visual Studio Solution File, Format Version 12.00
# Visual Studio Version 17
VisualStudioVersion = 17.14.36518.9 d17.14
MinimumVisualStudioVersion = 10.0.40219.1
Project("{FAE04EC0-301F-11D3-BF4B-00C04F79EFBC}") = "BT tuần 4", "BT tuần 4.csproj", "{79EF4C60-648B-4FF6-8E11-17C25311B44D}"
EndProject
Global
	GlobalSection(SolutionConfigurationPlatforms) = preSolution
		Debug|Any CPU = Debug|Any CPU
		Release|Any CPU = Release|Any CPU
	EndGlobalSection
	GlobalSection(ProjectConfigurationPlatforms) = postSolution
		{79EF4C60-648B-4FF6-8E11-17C25311B44D}.Debug|Any CPU.ActiveCfg = Debug|Any CPU
		{79EF4C60-648B-4FF6-8E11-17C25311B44D}.Debug|Any CPU.Build.0 = Debug|Any CPU
		{79EF4C60-648B-4FF6-8E11-17C25311B44D}.Release|Any CPU.ActiveCfg = Release|Any CPU
		{79EF4C60-648B-4FF6-8E11-17C25311B44D}.Release|Any CPU.Build.0 = Release|Any CPU
	EndGlobalSection
	GlobalSection(SolutionProperties) = preSolution
		HideSolutionNode = FALSE
	EndGlobalSection
	GlobalSection(ExtensibilityGlobals) = postSolution
		SolutionGuid = {7E62E52A-5AEA-4AA9-B13B-AD53C51B6F3A}
	EndGlobalSection
EndGlobal
